
Microsoft Visual Studio Solution File, Format Version 12.00
# Visual Studio Version 17
VisualStudioVersion = 17.4.33205.214
MinimumVisualStudioVersion = 10.0.40219.1
Project("{FAE04EC0-301F-11D3-BF4B-00C04F79EFBC}") = "BoolsAndCows", "BoolsAndCows\BoolsAndCows.csproj", "{D78DB805-4D8B-4D2B-91BD-D45BDF5269C5}"
EndProject
Global
	GlobalSection(SolutionConfigurationPlatforms) = preSolution
		BoolAndCows|Any CPU = BoolAndCows|Any CPU
		Debug|Any CPU = Debug|Any CPU
		Release|Any CPU = Release|Any CPU
	EndGlobalSection
	GlobalSection(ProjectConfigurationPlatforms) = postSolution
		{D78DB805-4D8B-4D2B-91BD-D45BDF5269C5}.BoolAndCows|Any CPU.ActiveCfg = BoolAndCows|Any CPU
		{D78DB805-4D8B-4D2B-91BD-D45BDF5269C5}.BoolAndCows|Any CPU.Build.0 = BoolAndCows|Any CPU
		{D78DB805-4D8B-4D2B-91BD-D45BDF5269C5}.Debug|Any CPU.ActiveCfg = Debug|Any CPU
		{D78DB805-4D8B-4D2B-91BD-D45BDF5269C5}.Debug|Any CPU.Build.0 = Debug|Any CPU
		{D78DB805-4D8B-4D2B-91BD-D45BDF5269C5}.Release|Any CPU.ActiveCfg = Release|Any CPU
		{D78DB805-4D8B-4D2B-91BD-D45BDF5269C5}.Release|Any CPU.Build.0 = Release|Any CPU
	EndGlobalSection
	GlobalSection(SolutionProperties) = preSolution
		HideSolutionNode = FALSE
	EndGlobalSection
	GlobalSection(ExtensibilityGlobals) = postSolution
		SolutionGuid = {6ACC2B7D-1712-492E-B374-F333756EEC58}
	EndGlobalSection
EndGlobal
